
Microsoft Visual Studio Solution File, Format Version 12.00
# Visual Studio Version 16
VisualStudioVersion = 16.0.30503.244
MinimumVisualStudioVersion = 10.0.40219.1
Project("{8BC9CEB8-8B4A-11D0-8D11-00A0C91BC942}") = "1一、C++概览", "MOOC DaCui C++\MOOC DaCui C++.vcxproj", "{B9A8D0FA-FB04-4111-AD9C-547CE1B7456F}"
EndProject
Project("{8BC9CEB8-8B4A-11D0-8D11-00A0C91BC942}") = "2二、C++程序基础", "二、C++程序基础\二、C++程序基础.vcxproj", "{7216B35B-2B45-4B02-8ECB-BA8026BA5A7F}"
EndProject
Project("{2150E333-8FDC-42A3-9474-1A3956D46DE8}") = "Example", "Example", "{4D16C389-E499-4CAE-8EE4-A84520875677}"
EndProject
Project("{8BC9CEB8-8B4A-11D0-8D11-00A0C91BC942}") = "3三、C语法的增强以及对应的C++特性", "3三、C语法的增强以及对应的C++特性\3三、C语法的增强以及对应的C++特性.vcxproj", "{8B893FEA-F156-4FDC-9AA5-FA6753A2AE10}"
EndProject
Project("{8BC9CEB8-8B4A-11D0-8D11-00A0C91BC942}") = "2.1.Aloha World", "Aloha World\Aloha World.vcxproj", "{AF1ADC0B-137E-4728-82CB-683C42496299}"
EndProject
Project("{8BC9CEB8-8B4A-11D0-8D11-00A0C91BC942}") = "3.1.1.swap", "swap\swap.vcxproj", "{44E2481C-3836-45D5-8C61-DF800D6C7DE1}"
EndProject
Project("{8BC9CEB8-8B4A-11D0-8D11-00A0C91BC942}") = "3.1.2Reference", "Reference\Reference.vcxproj", "{7B338D32-D9E4-4355-B3B6-B826F47C1354}"
EndProject
Project("{8BC9CEB8-8B4A-11D0-8D11-00A0C91BC942}") = "3.2.TestDataType", "TestDataType\TestDataType.vcxproj", "{870E94C5-1CAD-4EFB-889F-439D5D8BCF35}"
EndProject
Project("{8BC9CEB8-8B4A-11D0-8D11-00A0C91BC942}") = "3.3.auto", "datatype\datatype.vcxproj", "{352C1F12-625A-437E-A1A9-37A77A6348D4}"
EndProject
Project("{8BC9CEB8-8B4A-11D0-8D11-00A0C91BC942}") = "C2", "Code in class\Code in class.vcxproj", "{E82FE210-C4CE-4D4A-A7EC-775C0CD1449D}"
EndProject
Project("{2150E333-8FDC-42A3-9474-1A3956D46DE8}") = "Online Judgement", "Online Judgement", "{CDFE9BC6-2B33-4C8A-B1C4-D6AC6DFCCB43}"
EndProject
Project("{8BC9CEB8-8B4A-11D0-8D11-00A0C91BC942}") = "unit3.1", "unit3\unit3.vcxproj", "{D6569545-532E-4F2B-90B9-CCD7212C49B1}"
EndProject
Project("{8BC9CEB8-8B4A-11D0-8D11-00A0C91BC942}") = "unit3.2", "unt3.2\unt3.2.vcxproj", "{3FF4AD73-C8ED-46FD-93E2-7BC16027F48B}"
EndProject
Project("{8BC9CEB8-8B4A-11D0-8D11-00A0C91BC942}") = "C3", "C3\C3.vcxproj", "{75D5D13B-48AD-4AE7-BBDF-C218BCB4AD69}"
EndProject
Project("{8BC9CEB8-8B4A-11D0-8D11-00A0C91BC942}") = "4四、对象和类（基础）", "4四、对象和类（基础）\4四、对象和类（基础）.vcxproj", "{D12B3435-F015-47C0-9FF4-FDCBDEA31277}"
EndProject
Project("{8BC9CEB8-8B4A-11D0-8D11-00A0C91BC942}") = "3.1.3动态内存管理", "3.1.3动态内存管理\3.1.3动态内存管理.vcxproj", "{4DBC94DA-1093-4CCA-AD41-212A514C8A81}"
EndProject
Project("{8BC9CEB8-8B4A-11D0-8D11-00A0C91BC942}") = "4.1.class and object", "4.1.class and object\4.1.class and object.vcxproj", "{A515E330-43B8-4A88-BD16-4A05A5719C12}"
EndProject
Project("{8BC9CEB8-8B4A-11D0-8D11-00A0C91BC942}") = "C4", "C5\C5.vcxproj", "{B05E28B5-7983-4F28-B956-4BA42ECE022C}"
EndProject
Project("{8BC9CEB8-8B4A-11D0-8D11-00A0C91BC942}") = "3.5.using,typedef 井define", "using,typedef 井define\using,typedef 井define.vcxproj", "{68D26269-8D31-4B89-8CA4-4E40D175E98F}"
EndProject
Project("{8BC9CEB8-8B4A-11D0-8D11-00A0C91BC942}") = "unit4", "test\test.vcxproj", "{86904E5B-06B6-4A28-850F-A098A4CC0D20}"
EndProject
Project("{8BC9CEB8-8B4A-11D0-8D11-00A0C91BC942}") = "5五、对象和类（高级）", "5五、对象和类（高级）\5五、对象和类（高级）.vcxproj", "{F374FA15-8E83-4614-BC6C-73A7ACE07606}"
EndProject
Project("{2150E333-8FDC-42A3-9474-1A3956D46DE8}") = "Code in class", "Code in class", "{7BD6C04B-6620-48B7-92D7-34EB4F2369B4}"
EndProject
Project("{8BC9CEB8-8B4A-11D0-8D11-00A0C91BC942}") = "unit4.1", "Project1\Project1.vcxproj", "{EE513264-66F6-49D1-A874-2DE0585CE232}"
EndProject
Project("{8BC9CEB8-8B4A-11D0-8D11-00A0C91BC942}") = "unit4.2", "unit4.2\unit4.2.vcxproj", "{20379695-62A0-4732-A1DD-12C9BFF2C1A0}"
EndProject
Project("{8BC9CEB8-8B4A-11D0-8D11-00A0C91BC942}") = "unit4.3", "unit4.3\unit4.3.vcxproj", "{B42C7C02-1D21-4DFE-919D-4200A6DCF4ED}"
EndProject
Project("{8BC9CEB8-8B4A-11D0-8D11-00A0C91BC942}") = "C5.1", "C5.1\C5.1.vcxproj", "{662C8CA4-5707-4A5E-A73C-39AF6D1C3F2F}"
EndProject
Project("{8BC9CEB8-8B4A-11D0-8D11-00A0C91BC942}") = "C5.2", "C5.2\C5.2.vcxproj", "{8D9162E7-7A5A-4B40-83AF-39699268E415}"
EndProject
Project("{8BC9CEB8-8B4A-11D0-8D11-00A0C91BC942}") = "C5.3", "C5.3\C5.3.vcxproj", "{0165BF3B-E65F-4A95-9620-B0B2F6A4AEB7}"
EndProject
Project("{8BC9CEB8-8B4A-11D0-8D11-00A0C91BC942}") = "unit5.1", "unit5.1\unit5.1.vcxproj", "{FBAE2CC6-070D-4EB8-899C-53951DC1850F}"
EndProject
Project("{8BC9CEB8-8B4A-11D0-8D11-00A0C91BC942}") = "unit5.2", "unit5.2\unit5.2.vcxproj", "{7C42DE11-2BD0-4394-BAB7-895B5E7A464A}"
EndProject
Project("{8BC9CEB8-8B4A-11D0-8D11-00A0C91BC942}") = "6六、继承和多态", "6六、继承和多态\6六、继承和多态.vcxproj", "{CB6DA6D7-C1D7-4792-9E2C-28E474E485F2}"
EndProject
Project("{8BC9CEB8-8B4A-11D0-8D11-00A0C91BC942}") = "unit6.1", "unit6.1\unit6.1.vcxproj", "{4F97B0EF-E20E-407B-8899-30C06AF641A1}"
EndProject
Project("{8BC9CEB8-8B4A-11D0-8D11-00A0C91BC942}") = "unit6.2", "unit6.2\unit6.2.vcxproj", "{B8836543-90E7-4440-8DD1-FE44652A99D1}"
EndProject
Project("{8BC9CEB8-8B4A-11D0-8D11-00A0C91BC942}") = "unit6.3", "unit6.3\unit6.3.vcxproj", "{767CFCD1-CF6C-445F-A4C5-0EA468739481}"
EndProject
Global
	GlobalSection(SolutionConfigurationPlatforms) = preSolution
		Debug|x64 = Debug|x64
		Debug|x86 = Debug|x86
		Release|x64 = Release|x64
		Release|x86 = Release|x86
	EndGlobalSection
	GlobalSection(ProjectConfigurationPlatforms) = postSolution
		{B9A8D0FA-FB04-4111-AD9C-547CE1B7456F}.Debug|x64.ActiveCfg = Debug|x64
		{B9A8D0FA-FB04-4111-AD9C-547CE1B7456F}.Debug|x64.Build.0 = Debug|x64
		{B9A8D0FA-FB04-4111-AD9C-547CE1B7456F}.Debug|x86.ActiveCfg = Debug|Win32
		{B9A8D0FA-FB04-4111-AD9C-547CE1B7456F}.Debug|x86.Build.0 = Debug|Win32
		{B9A8D0FA-FB04-4111-AD9C-547CE1B7456F}.Release|x64.ActiveCfg = Release|x64
		{B9A8D0FA-FB04-4111-AD9C-547CE1B7456F}.Release|x64.Build.0 = Release|x64
		{B9A8D0FA-FB04-4111-AD9C-547CE1B7456F}.Release|x86.ActiveCfg = Release|Win32
		{B9A8D0FA-FB04-4111-AD9C-547CE1B7456F}.Release|x86.Build.0 = Release|Win32
		{7216B35B-2B45-4B02-8ECB-BA8026BA5A7F}.Debug|x64.ActiveCfg = Debug|x64
		{7216B35B-2B45-4B02-8ECB-BA8026BA5A7F}.Debug|x64.Build.0 = Debug|x64
		{7216B35B-2B45-4B02-8ECB-BA8026BA5A7F}.Debug|x86.ActiveCfg = Debug|Win32
		{7216B35B-2B45-4B02-8ECB-BA8026BA5A7F}.Debug|x86.Build.0 = Debug|Win32
		{7216B35B-2B45-4B02-8ECB-BA8026BA5A7F}.Release|x64.ActiveCfg = Release|x64
		{7216B35B-2B45-4B02-8ECB-BA8026BA5A7F}.Release|x64.Build.0 = Release|x64
		{7216B35B-2B45-4B02-8ECB-BA8026BA5A7F}.Release|x86.ActiveCfg = Release|Win32
		{7216B35B-2B45-4B02-8ECB-BA8026BA5A7F}.Release|x86.Build.0 = Release|Win32
		{8B893FEA-F156-4FDC-9AA5-FA6753A2AE10}.Debug|x64.ActiveCfg = Debug|x64
		{8B893FEA-F156-4FDC-9AA5-FA6753A2AE10}.Debug|x64.Build.0 = Debug|x64
		{8B893FEA-F156-4FDC-9AA5-FA6753A2AE10}.Debug|x86.ActiveCfg = Debug|Win32
		{8B893FEA-F156-4FDC-9AA5-FA6753A2AE10}.Debug|x86.Build.0 = Debug|Win32
		{8B893FEA-F156-4FDC-9AA5-FA6753A2AE10}.Release|x64.ActiveCfg = Release|x64
		{8B893FEA-F156-4FDC-9AA5-FA6753A2AE10}.Release|x64.Build.0 = Release|x64
		{8B893FEA-F156-4FDC-9AA5-FA6753A2AE10}.Release|x86.ActiveCfg = Release|Win32
		{8B893FEA-F156-4FDC-9AA5-FA6753A2AE10}.Release|x86.Build.0 = Release|Win32
		{AF1ADC0B-137E-4728-82CB-683C42496299}.Debug|x64.ActiveCfg = Debug|x64
		{AF1ADC0B-137E-4728-82CB-683C42496299}.Debug|x64.Build.0 = Debug|x64
		{AF1ADC0B-137E-4728-82CB-683C42496299}.Debug|x86.ActiveCfg = Debug|Win32
		{AF1ADC0B-137E-4728-82CB-683C42496299}.Debug|x86.Build.0 = Debug|Win32
		{AF1ADC0B-137E-4728-82CB-683C42496299}.Release|x64.ActiveCfg = Release|x64
		{AF1ADC0B-137E-4728-82CB-683C42496299}.Release|x64.Build.0 = Release|x64
		{AF1ADC0B-137E-4728-82CB-683C42496299}.Release|x86.ActiveCfg = Release|Win32
		{AF1ADC0B-137E-4728-82CB-683C42496299}.Release|x86.Build.0 = Release|Win32
		{44E2481C-3836-45D5-8C61-DF800D6C7DE1}.Debug|x64.ActiveCfg = Debug|x64
		{44E2481C-3836-45D5-8C61-DF800D6C7DE1}.Debug|x64.Build.0 = Debug|x64
		{44E2481C-3836-45D5-8C61-DF800D6C7DE1}.Debug|x86.ActiveCfg = Debug|Win32
		{44E2481C-3836-45D5-8C61-DF800D6C7DE1}.Debug|x86.Build.0 = Debug|Win32
		{44E2481C-3836-45D5-8C61-DF800D6C7DE1}.Release|x64.ActiveCfg = Release|x64
		{44E2481C-3836-45D5-8C61-DF800D6C7DE1}.Release|x64.Build.0 = Release|x64
		{44E2481C-3836-45D5-8C61-DF800D6C7DE1}.Release|x86.ActiveCfg = Release|Win32
		{44E2481C-3836-45D5-8C61-DF800D6C7DE1}.Release|x86.Build.0 = Release|Win32
		{7B338D32-D9E4-4355-B3B6-B826F47C1354}.Debug|x64.ActiveCfg = Debug|x64
		{7B338D32-D9E4-4355-B3B6-B826F47C1354}.Debug|x64.Build.0 = Debug|x64
		{7B338D32-D9E4-4355-B3B6-B826F47C1354}.Debug|x86.ActiveCfg = Debug|Win32
		{7B338D32-D9E4-4355-B3B6-B826F47C1354}.Debug|x86.Build.0 = Debug|Win32
		{7B338D32-D9E4-4355-B3B6-B826F47C1354}.Release|x64.ActiveCfg = Release|x64
		{7B338D32-D9E4-4355-B3B6-B826F47C1354}.Release|x64.Build.0 = Release|x64
		{7B338D32-D9E4-4355-B3B6-B826F47C1354}.Release|x86.ActiveCfg = Release|Win32
		{7B338D32-D9E4-4355-B3B6-B826F47C1354}.Release|x86.Build.0 = Release|Win32
		{870E94C5-1CAD-4EFB-889F-439D5D8BCF35}.Debug|x64.ActiveCfg = Debug|x64
		{870E94C5-1CAD-4EFB-889F-439D5D8BCF35}.Debug|x64.Build.0 = Debug|x64
		{870E94C5-1CAD-4EFB-889F-439D5D8BCF35}.Debug|x86.ActiveCfg = Debug|Win32
		{870E94C5-1CAD-4EFB-889F-439D5D8BCF35}.Debug|x86.Build.0 = Debug|Win32
		{870E94C5-1CAD-4EFB-889F-439D5D8BCF35}.Release|x64.ActiveCfg = Release|x64
		{870E94C5-1CAD-4EFB-889F-439D5D8BCF35}.Release|x64.Build.0 = Release|x64
		{870E94C5-1CAD-4EFB-889F-439D5D8BCF35}.Release|x86.ActiveCfg = Release|Win32
		{870E94C5-1CAD-4EFB-889F-439D5D8BCF35}.Release|x86.Build.0 = Release|Win32
		{352C1F12-625A-437E-A1A9-37A77A6348D4}.Debug|x64.ActiveCfg = Debug|x64
		{352C1F12-625A-437E-A1A9-37A77A6348D4}.Debug|x64.Build.0 = Debug|x64
		{352C1F12-625A-437E-A1A9-37A77A6348D4}.Debug|x86.ActiveCfg = Debug|Win32
		{352C1F12-625A-437E-A1A9-37A77A6348D4}.Debug|x86.Build.0 = Debug|Win32
		{352C1F12-625A-437E-A1A9-37A77A6348D4}.Release|x64.ActiveCfg = Release|x64
		{352C1F12-625A-437E-A1A9-37A77A6348D4}.Release|x64.Build.0 = Release|x64
		{352C1F12-625A-437E-A1A9-37A77A6348D4}.Release|x86.ActiveCfg = Release|Win32
		{352C1F12-625A-437E-A1A9-37A77A6348D4}.Release|x86.Build.0 = Release|Win32
		{E82FE210-C4CE-4D4A-A7EC-775C0CD1449D}.Debug|x64.ActiveCfg = Debug|x64
		{E82FE210-C4CE-4D4A-A7EC-775C0CD1449D}.Debug|x64.Build.0 = Debug|x64
		{E82FE210-C4CE-4D4A-A7EC-775C0CD1449D}.Debug|x86.ActiveCfg = Debug|Win32
		{E82FE210-C4CE-4D4A-A7EC-775C0CD1449D}.Debug|x86.Build.0 = Debug|Win32
		{E82FE210-C4CE-4D4A-A7EC-775C0CD1449D}.Release|x64.ActiveCfg = Release|x64
		{E82FE210-C4CE-4D4A-A7EC-775C0CD1449D}.Release|x64.Build.0 = Release|x64
		{E82FE210-C4CE-4D4A-A7EC-775C0CD1449D}.Release|x86.ActiveCfg = Release|Win32
		{E82FE210-C4CE-4D4A-A7EC-775C0CD1449D}.Release|x86.Build.0 = Release|Win32
		{D6569545-532E-4F2B-90B9-CCD7212C49B1}.Debug|x64.ActiveCfg = Debug|x64
		{D6569545-532E-4F2B-90B9-CCD7212C49B1}.Debug|x64.Build.0 = Debug|x64
		{D6569545-532E-4F2B-90B9-CCD7212C49B1}.Debug|x86.ActiveCfg = Debug|Win32
		{D6569545-532E-4F2B-90B9-CCD7212C49B1}.Debug|x86.Build.0 = Debug|Win32
		{D6569545-532E-4F2B-90B9-CCD7212C49B1}.Release|x64.ActiveCfg = Release|x64
		{D6569545-532E-4F2B-90B9-CCD7212C49B1}.Release|x64.Build.0 = Release|x64
		{D6569545-532E-4F2B-90B9-CCD7212C49B1}.Release|x86.ActiveCfg = Release|Win32
		{D6569545-532E-4F2B-90B9-CCD7212C49B1}.Release|x86.Build.0 = Release|Win32
		{3FF4AD73-C8ED-46FD-93E2-7BC16027F48B}.Debug|x64.ActiveCfg = Debug|x64
		{3FF4AD73-C8ED-46FD-93E2-7BC16027F48B}.Debug|x64.Build.0 = Debug|x64
		{3FF4AD73-C8ED-46FD-93E2-7BC16027F48B}.Debug|x86.ActiveCfg = Debug|Win32
		{3FF4AD73-C8ED-46FD-93E2-7BC16027F48B}.Debug|x86.Build.0 = Debug|Win32
		{3FF4AD73-C8ED-46FD-93E2-7BC16027F48B}.Release|x64.ActiveCfg = Release|x64
		{3FF4AD73-C8ED-46FD-93E2-7BC16027F48B}.Release|x64.Build.0 = Release|x64
		{3FF4AD73-C8ED-46FD-93E2-7BC16027F48B}.Release|x86.ActiveCfg = Release|Win32
		{3FF4AD73-C8ED-46FD-93E2-7BC16027F48B}.Release|x86.Build.0 = Release|Win32
		{75D5D13B-48AD-4AE7-BBDF-C218BCB4AD69}.Debug|x64.ActiveCfg = Debug|x64
		{75D5D13B-48AD-4AE7-BBDF-C218BCB4AD69}.Debug|x64.Build.0 = Debug|x64
		{75D5D13B-48AD-4AE7-BBDF-C218BCB4AD69}.Debug|x86.ActiveCfg = Debug|Win32
		{75D5D13B-48AD-4AE7-BBDF-C218BCB4AD69}.Debug|x86.Build.0 = Debug|Win32
		{75D5D13B-48AD-4AE7-BBDF-C218BCB4AD69}.Release|x64.ActiveCfg = Release|x64
		{75D5D13B-48AD-4AE7-BBDF-C218BCB4AD69}.Release|x64.Build.0 = Release|x64
		{75D5D13B-48AD-4AE7-BBDF-C218BCB4AD69}.Release|x86.ActiveCfg = Release|Win32
		{75D5D13B-48AD-4AE7-BBDF-C218BCB4AD69}.Release|x86.Build.0 = Release|Win32
		{D12B3435-F015-47C0-9FF4-FDCBDEA31277}.Debug|x64.ActiveCfg = Debug|x64
		{D12B3435-F015-47C0-9FF4-FDCBDEA31277}.Debug|x64.Build.0 = Debug|x64
		{D12B3435-F015-47C0-9FF4-FDCBDEA31277}.Debug|x86.ActiveCfg = Debug|Win32
		{D12B3435-F015-47C0-9FF4-FDCBDEA31277}.Debug|x86.Build.0 = Debug|Win32
		{D12B3435-F015-47C0-9FF4-FDCBDEA31277}.Release|x64.ActiveCfg = Release|x64
		{D12B3435-F015-47C0-9FF4-FDCBDEA31277}.Release|x64.Build.0 = Release|x64
		{D12B3435-F015-47C0-9FF4-FDCBDEA31277}.Release|x86.ActiveCfg = Release|Win32
		{D12B3435-F015-47C0-9FF4-FDCBDEA31277}.Release|x86.Build.0 = Release|Win32
		{4DBC94DA-1093-4CCA-AD41-212A514C8A81}.Debug|x64.ActiveCfg = Debug|x64
		{4DBC94DA-1093-4CCA-AD41-212A514C8A81}.Debug|x64.Build.0 = Debug|x64
		{4DBC94DA-1093-4CCA-AD41-212A514C8A81}.Debug|x86.ActiveCfg = Debug|Win32
		{4DBC94DA-1093-4CCA-AD41-212A514C8A81}.Debug|x86.Build.0 = Debug|Win32
		{4DBC94DA-1093-4CCA-AD41-212A514C8A81}.Release|x64.ActiveCfg = Release|x64
		{4DBC94DA-1093-4CCA-AD41-212A514C8A81}.Release|x64.Build.0 = Release|x64
		{4DBC94DA-1093-4CCA-AD41-212A514C8A81}.Release|x86.ActiveCfg = Release|Win32
		{4DBC94DA-1093-4CCA-AD41-212A514C8A81}.Release|x86.Build.0 = Release|Win32
		{A515E330-43B8-4A88-BD16-4A05A5719C12}.Debug|x64.ActiveCfg = Debug|x64
		{A515E330-43B8-4A88-BD16-4A05A5719C12}.Debug|x64.Build.0 = Debug|x64
		{A515E330-43B8-4A88-BD16-4A05A5719C12}.Debug|x86.ActiveCfg = Debug|Win32
		{A515E330-43B8-4A88-BD16-4A05A5719C12}.Debug|x86.Build.0 = Debug|Win32
		{A515E330-43B8-4A88-BD16-4A05A5719C12}.Release|x64.ActiveCfg = Release|x64
		{A515E330-43B8-4A88-BD16-4A05A5719C12}.Release|x64.Build.0 = Release|x64
		{A515E330-43B8-4A88-BD16-4A05A5719C12}.Release|x86.ActiveCfg = Release|Win32
		{A515E330-43B8-4A88-BD16-4A05A5719C12}.Release|x86.Build.0 = Release|Win32
		{B05E28B5-7983-4F28-B956-4BA42ECE022C}.Debug|x64.ActiveCfg = Debug|x64
		{B05E28B5-7983-4F28-B956-4BA42ECE022C}.Debug|x64.Build.0 = Debug|x64
		{B05E28B5-7983-4F28-B956-4BA42ECE022C}.Debug|x86.ActiveCfg = Debug|Win32
		{B05E28B5-7983-4F28-B956-4BA42ECE022C}.Debug|x86.Build.0 = Debug|Win32
		{B05E28B5-7983-4F28-B956-4BA42ECE022C}.Release|x64.ActiveCfg = Release|x64
		{B05E28B5-7983-4F28-B956-4BA42ECE022C}.Release|x64.Build.0 = Release|x64
		{B05E28B5-7983-4F28-B956-4BA42ECE022C}.Release|x86.ActiveCfg = Release|Win32
		{B05E28B5-7983-4F28-B956-4BA42ECE022C}.Release|x86.Build.0 = Release|Win32
		{68D26269-8D31-4B89-8CA4-4E40D175E98F}.Debug|x64.ActiveCfg = Debug|x64
		{68D26269-8D31-4B89-8CA4-4E40D175E98F}.Debug|x64.Build.0 = Debug|x64
		{68D26269-8D31-4B89-8CA4-4E40D175E98F}.Debug|x86.ActiveCfg = Debug|Win32
		{68D26269-8D31-4B89-8CA4-4E40D175E98F}.Debug|x86.Build.0 = Debug|Win32
		{68D26269-8D31-4B89-8CA4-4E40D175E98F}.Release|x64.ActiveCfg = Release|x64
		{68D26269-8D31-4B89-8CA4-4E40D175E98F}.Release|x64.Build.0 = Release|x64
		{68D26269-8D31-4B89-8CA4-4E40D175E98F}.Release|x86.ActiveCfg = Release|Win32
		{68D26269-8D31-4B89-8CA4-4E40D175E98F}.Release|x86.Build.0 = Release|Win32
		{86904E5B-06B6-4A28-850F-A098A4CC0D20}.Debug|x64.ActiveCfg = Debug|x64
		{86904E5B-06B6-4A28-850F-A098A4CC0D20}.Debug|x64.Build.0 = Debug|x64
		{86904E5B-06B6-4A28-850F-A098A4CC0D20}.Debug|x86.ActiveCfg = Debug|Win32
		{86904E5B-06B6-4A28-850F-A098A4CC0D20}.Debug|x86.Build.0 = Debug|Win32
		{86904E5B-06B6-4A28-850F-A098A4CC0D20}.Release|x64.ActiveCfg = Release|x64
		{86904E5B-06B6-4A28-850F-A098A4CC0D20}.Release|x64.Build.0 = Release|x64
		{86904E5B-06B6-4A28-850F-A098A4CC0D20}.Release|x86.ActiveCfg = Release|Win32
		{86904E5B-06B6-4A28-850F-A098A4CC0D20}.Release|x86.Build.0 = Release|Win32
		{F374FA15-8E83-4614-BC6C-73A7ACE07606}.Debug|x64.ActiveCfg = Debug|x64
		{F374FA15-8E83-4614-BC6C-73A7ACE07606}.Debug|x64.Build.0 = Debug|x64
		{F374FA15-8E83-4614-BC6C-73A7ACE07606}.Debug|x86.ActiveCfg = Debug|Win32
		{F374FA15-8E83-4614-BC6C-73A7ACE07606}.Debug|x86.Build.0 = Debug|Win32
		{F374FA15-8E83-4614-BC6C-73A7ACE07606}.Release|x64.ActiveCfg = Release|x64
		{F374FA15-8E83-4614-BC6C-73A7ACE07606}.Release|x64.Build.0 = Release|x64
		{F374FA15-8E83-4614-BC6C-73A7ACE07606}.Release|x86.ActiveCfg = Release|Win32
		{F374FA15-8E83-4614-BC6C-73A7ACE07606}.Release|x86.Build.0 = Release|Win32
		{EE513264-66F6-49D1-A874-2DE0585CE232}.Debug|x64.ActiveCfg = Debug|x64
		{EE513264-66F6-49D1-A874-2DE0585CE232}.Debug|x64.Build.0 = Debug|x64
		{EE513264-66F6-49D1-A874-2DE0585CE232}.Debug|x86.ActiveCfg = Debug|Win32
		{EE513264-66F6-49D1-A874-2DE0585CE232}.Debug|x86.Build.0 = Debug|Win32
		{EE513264-66F6-49D1-A874-2DE0585CE232}.Release|x64.ActiveCfg = Release|x64
		{EE513264-66F6-49D1-A874-2DE0585CE232}.Release|x64.Build.0 = Release|x64
		{EE513264-66F6-49D1-A874-2DE0585CE232}.Release|x86.ActiveCfg = Release|Win32
		{EE513264-66F6-49D1-A874-2DE0585CE232}.Release|x86.Build.0 = Release|Win32
		{20379695-62A0-4732-A1DD-12C9BFF2C1A0}.Debug|x64.ActiveCfg = Debug|x64
		{20379695-62A0-4732-A1DD-12C9BFF2C1A0}.Debug|x64.Build.0 = Debug|x64
		{20379695-62A0-4732-A1DD-12C9BFF2C1A0}.Debug|x86.ActiveCfg = Debug|Win32
		{20379695-62A0-4732-A1DD-12C9BFF2C1A0}.Debug|x86.Build.0 = Debug|Win32
		{20379695-62A0-4732-A1DD-12C9BFF2C1A0}.Release|x64.ActiveCfg = Release|x64
		{20379695-62A0-4732-A1DD-12C9BFF2C1A0}.Release|x64.Build.0 = Release|x64
		{20379695-62A0-4732-A1DD-12C9BFF2C1A0}.Release|x86.ActiveCfg = Release|Win32
		{20379695-62A0-4732-A1DD-12C9BFF2C1A0}.Release|x86.Build.0 = Release|Win32
		{B42C7C02-1D21-4DFE-919D-4200A6DCF4ED}.Debug|x64.ActiveCfg = Debug|x64
		{B42C7C02-1D21-4DFE-919D-4200A6DCF4ED}.Debug|x64.Build.0 = Debug|x64
		{B42C7C02-1D21-4DFE-919D-4200A6DCF4ED}.Debug|x86.ActiveCfg = Debug|Win32
		{B42C7C02-1D21-4DFE-919D-4200A6DCF4ED}.Debug|x86.Build.0 = Debug|Win32
		{B42C7C02-1D21-4DFE-919D-4200A6DCF4ED}.Release|x64.ActiveCfg = Release|x64
		{B42C7C02-1D21-4DFE-919D-4200A6DCF4ED}.Release|x64.Build.0 = Release|x64
		{B42C7C02-1D21-4DFE-919D-4200A6DCF4ED}.Release|x86.ActiveCfg = Release|Win32
		{B42C7C02-1D21-4DFE-919D-4200A6DCF4ED}.Release|x86.Build.0 = Release|Win32
		{662C8CA4-5707-4A5E-A73C-39AF6D1C3F2F}.Debug|x64.ActiveCfg = Debug|x64
		{662C8CA4-5707-4A5E-A73C-39AF6D1C3F2F}.Debug|x64.Build.0 = Debug|x64
		{662C8CA4-5707-4A5E-A73C-39AF6D1C3F2F}.Debug|x86.ActiveCfg = Debug|Win32
		{662C8CA4-5707-4A5E-A73C-39AF6D1C3F2F}.Debug|x86.Build.0 = Debug|Win32
		{662C8CA4-5707-4A5E-A73C-39AF6D1C3F2F}.Release|x64.ActiveCfg = Release|x64
		{662C8CA4-5707-4A5E-A73C-39AF6D1C3F2F}.Release|x64.Build.0 = Release|x64
		{662C8CA4-5707-4A5E-A73C-39AF6D1C3F2F}.Release|x86.ActiveCfg = Release|Win32
		{662C8CA4-5707-4A5E-A73C-39AF6D1C3F2F}.Release|x86.Build.0 = Release|Win32
		{8D9162E7-7A5A-4B40-83AF-39699268E415}.Debug|x64.ActiveCfg = Debug|x64
		{8D9162E7-7A5A-4B40-83AF-39699268E415}.Debug|x64.Build.0 = Debug|x64
		{8D9162E7-7A5A-4B40-83AF-39699268E415}.Debug|x86.ActiveCfg = Debug|Win32
		{8D9162E7-7A5A-4B40-83AF-39699268E415}.Debug|x86.Build.0 = Debug|Win32
		{8D9162E7-7A5A-4B40-83AF-39699268E415}.Release|x64.ActiveCfg = Release|x64
		{8D9162E7-7A5A-4B40-83AF-39699268E415}.Release|x64.Build.0 = Release|x64
		{8D9162E7-7A5A-4B40-83AF-39699268E415}.Release|x86.ActiveCfg = Release|Win32
		{8D9162E7-7A5A-4B40-83AF-39699268E415}.Release|x86.Build.0 = Release|Win32
		{0165BF3B-E65F-4A95-9620-B0B2F6A4AEB7}.Debug|x64.ActiveCfg = Debug|x64
		{0165BF3B-E65F-4A95-9620-B0B2F6A4AEB7}.Debug|x64.Build.0 = Debug|x64
		{0165BF3B-E65F-4A95-9620-B0B2F6A4AEB7}.Debug|x86.ActiveCfg = Debug|Win32
		{0165BF3B-E65F-4A95-9620-B0B2F6A4AEB7}.Debug|x86.Build.0 = Debug|Win32
		{0165BF3B-E65F-4A95-9620-B0B2F6A4AEB7}.Release|x64.ActiveCfg = Release|x64
		{0165BF3B-E65F-4A95-9620-B0B2F6A4AEB7}.Release|x64.Build.0 = Release|x64
		{0165BF3B-E65F-4A95-9620-B0B2F6A4AEB7}.Release|x86.ActiveCfg = Release|Win32
		{0165BF3B-E65F-4A95-9620-B0B2F6A4AEB7}.Release|x86.Build.0 = Release|Win32
		{FBAE2CC6-070D-4EB8-899C-53951DC1850F}.Debug|x64.ActiveCfg = Debug|x64
		{FBAE2CC6-070D-4EB8-899C-53951DC1850F}.Debug|x64.Build.0 = Debug|x64
		{FBAE2CC6-070D-4EB8-899C-53951DC1850F}.Debug|x86.ActiveCfg = Debug|Win32
		{FBAE2CC6-070D-4EB8-899C-53951DC1850F}.Debug|x86.Build.0 = Debug|Win32
		{FBAE2CC6-070D-4EB8-899C-53951DC1850F}.Release|x64.ActiveCfg = Release|x64
		{FBAE2CC6-070D-4EB8-899C-53951DC1850F}.Release|x64.Build.0 = Release|x64
		{FBAE2CC6-070D-4EB8-899C-53951DC1850F}.Release|x86.ActiveCfg = Release|Win32
		{FBAE2CC6-070D-4EB8-899C-53951DC1850F}.Release|x86.Build.0 = Release|Win32
		{7C42DE11-2BD0-4394-BAB7-895B5E7A464A}.Debug|x64.ActiveCfg = Debug|x64
		{7C42DE11-2BD0-4394-BAB7-895B5E7A464A}.Debug|x64.Build.0 = Debug|x64
		{7C42DE11-2BD0-4394-BAB7-895B5E7A464A}.Debug|x86.ActiveCfg = Debug|Win32
		{7C42DE11-2BD0-4394-BAB7-895B5E7A464A}.Debug|x86.Build.0 = Debug|Win32
		{7C42DE11-2BD0-4394-BAB7-895B5E7A464A}.Release|x64.ActiveCfg = Release|x64
		{7C42DE11-2BD0-4394-BAB7-895B5E7A464A}.Release|x64.Build.0 = Release|x64
		{7C42DE11-2BD0-4394-BAB7-895B5E7A464A}.Release|x86.ActiveCfg = Release|Win32
		{7C42DE11-2BD0-4394-BAB7-895B5E7A464A}.Release|x86.Build.0 = Release|Win32
		{CB6DA6D7-C1D7-4792-9E2C-28E474E485F2}.Debug|x64.ActiveCfg = Debug|x64
		{CB6DA6D7-C1D7-4792-9E2C-28E474E485F2}.Debug|x64.Build.0 = Debug|x64
		{CB6DA6D7-C1D7-4792-9E2C-28E474E485F2}.Debug|x86.ActiveCfg = Debug|Win32
		{CB6DA6D7-C1D7-4792-9E2C-28E474E485F2}.Debug|x86.Build.0 = Debug|Win32
		{CB6DA6D7-C1D7-4792-9E2C-28E474E485F2}.Release|x64.ActiveCfg = Release|x64
		{CB6DA6D7-C1D7-4792-9E2C-28E474E485F2}.Release|x64.Build.0 = Release|x64
		{CB6DA6D7-C1D7-4792-9E2C-28E474E485F2}.Release|x86.ActiveCfg = Release|Win32
		{CB6DA6D7-C1D7-4792-9E2C-28E474E485F2}.Release|x86.Build.0 = Release|Win32
		{4F97B0EF-E20E-407B-8899-30C06AF641A1}.Debug|x64.ActiveCfg = Debug|x64
		{4F97B0EF-E20E-407B-8899-30C06AF641A1}.Debug|x64.Build.0 = Debug|x64
		{4F97B0EF-E20E-407B-8899-30C06AF641A1}.Debug|x86.ActiveCfg = Debug|Win32
		{4F97B0EF-E20E-407B-8899-30C06AF641A1}.Debug|x86.Build.0 = Debug|Win32
		{4F97B0EF-E20E-407B-8899-30C06AF641A1}.Release|x64.ActiveCfg = Release|x64
		{4F97B0EF-E20E-407B-8899-30C06AF641A1}.Release|x64.Build.0 = Release|x64
		{4F97B0EF-E20E-407B-8899-30C06AF641A1}.Release|x86.ActiveCfg = Release|Win32
		{4F97B0EF-E20E-407B-8899-30C06AF641A1}.Release|x86.Build.0 = Release|Win32
		{B8836543-90E7-4440-8DD1-FE44652A99D1}.Debug|x64.ActiveCfg = Debug|x64
		{B8836543-90E7-4440-8DD1-FE44652A99D1}.Debug|x64.Build.0 = Debug|x64
		{B8836543-90E7-4440-8DD1-FE44652A99D1}.Debug|x86.ActiveCfg = Debug|Win32
		{B8836543-90E7-4440-8DD1-FE44652A99D1}.Debug|x86.Build.0 = Debug|Win32
		{B8836543-90E7-4440-8DD1-FE44652A99D1}.Release|x64.ActiveCfg = Release|x64
		{B8836543-90E7-4440-8DD1-FE44652A99D1}.Release|x64.Build.0 = Release|x64
		{B8836543-90E7-4440-8DD1-FE44652A99D1}.Release|x86.ActiveCfg = Release|Win32
		{B8836543-90E7-4440-8DD1-FE44652A99D1}.Release|x86.Build.0 = Release|Win32
		{767CFCD1-CF6C-445F-A4C5-0EA468739481}.Debug|x64.ActiveCfg = Debug|x64
		{767CFCD1-CF6C-445F-A4C5-0EA468739481}.Debug|x64.Build.0 = Debug|x64
		{767CFCD1-CF6C-445F-A4C5-0EA468739481}.Debug|x86.ActiveCfg = Debug|Win32
		{767CFCD1-CF6C-445F-A4C5-0EA468739481}.Debug|x86.Build.0 = Debug|Win32
		{767CFCD1-CF6C-445F-A4C5-0EA468739481}.Release|x64.ActiveCfg = Release|x64
		{767CFCD1-CF6C-445F-A4C5-0EA468739481}.Release|x64.Build.0 = Release|x64
		{767CFCD1-CF6C-445F-A4C5-0EA468739481}.Release|x86.ActiveCfg = Release|Win32
		{767CFCD1-CF6C-445F-A4C5-0EA468739481}.Release|x86.Build.0 = Release|Win32
	EndGlobalSection
	GlobalSection(SolutionProperties) = preSolution
		HideSolutionNode = FALSE
	EndGlobalSection
	GlobalSection(NestedProjects) = preSolution
		{AF1ADC0B-137E-4728-82CB-683C42496299} = {4D16C389-E499-4CAE-8EE4-A84520875677}
		{44E2481C-3836-45D5-8C61-DF800D6C7DE1} = {4D16C389-E499-4CAE-8EE4-A84520875677}
		{7B338D32-D9E4-4355-B3B6-B826F47C1354} = {4D16C389-E499-4CAE-8EE4-A84520875677}
		{870E94C5-1CAD-4EFB-889F-439D5D8BCF35} = {4D16C389-E499-4CAE-8EE4-A84520875677}
		{352C1F12-625A-437E-A1A9-37A77A6348D4} = {4D16C389-E499-4CAE-8EE4-A84520875677}
		{E82FE210-C4CE-4D4A-A7EC-775C0CD1449D} = {7BD6C04B-6620-48B7-92D7-34EB4F2369B4}
		{D6569545-532E-4F2B-90B9-CCD7212C49B1} = {CDFE9BC6-2B33-4C8A-B1C4-D6AC6DFCCB43}
		{3FF4AD73-C8ED-46FD-93E2-7BC16027F48B} = {CDFE9BC6-2B33-4C8A-B1C4-D6AC6DFCCB43}
		{75D5D13B-48AD-4AE7-BBDF-C218BCB4AD69} = {7BD6C04B-6620-48B7-92D7-34EB4F2369B4}
		{4DBC94DA-1093-4CCA-AD41-212A514C8A81} = {4D16C389-E499-4CAE-8EE4-A84520875677}
		{A515E330-43B8-4A88-BD16-4A05A5719C12} = {4D16C389-E499-4CAE-8EE4-A84520875677}
		{B05E28B5-7983-4F28-B956-4BA42ECE022C} = {7BD6C04B-6620-48B7-92D7-34EB4F2369B4}
		{68D26269-8D31-4B89-8CA4-4E40D175E98F} = {4D16C389-E499-4CAE-8EE4-A84520875677}
		{86904E5B-06B6-4A28-850F-A098A4CC0D20} = {CDFE9BC6-2B33-4C8A-B1C4-D6AC6DFCCB43}
		{EE513264-66F6-49D1-A874-2DE0585CE232} = {CDFE9BC6-2B33-4C8A-B1C4-D6AC6DFCCB43}
		{20379695-62A0-4732-A1DD-12C9BFF2C1A0} = {CDFE9BC6-2B33-4C8A-B1C4-D6AC6DFCCB43}
		{B42C7C02-1D21-4DFE-919D-4200A6DCF4ED} = {CDFE9BC6-2B33-4C8A-B1C4-D6AC6DFCCB43}
		{662C8CA4-5707-4A5E-A73C-39AF6D1C3F2F} = {7BD6C04B-6620-48B7-92D7-34EB4F2369B4}
		{8D9162E7-7A5A-4B40-83AF-39699268E415} = {7BD6C04B-6620-48B7-92D7-34EB4F2369B4}
		{0165BF3B-E65F-4A95-9620-B0B2F6A4AEB7} = {7BD6C04B-6620-48B7-92D7-34EB4F2369B4}
		{FBAE2CC6-070D-4EB8-899C-53951DC1850F} = {CDFE9BC6-2B33-4C8A-B1C4-D6AC6DFCCB43}
		{7C42DE11-2BD0-4394-BAB7-895B5E7A464A} = {CDFE9BC6-2B33-4C8A-B1C4-D6AC6DFCCB43}
		{4F97B0EF-E20E-407B-8899-30C06AF641A1} = {CDFE9BC6-2B33-4C8A-B1C4-D6AC6DFCCB43}
		{B8836543-90E7-4440-8DD1-FE44652A99D1} = {CDFE9BC6-2B33-4C8A-B1C4-D6AC6DFCCB43}
		{767CFCD1-CF6C-445F-A4C5-0EA468739481} = {CDFE9BC6-2B33-4C8A-B1C4-D6AC6DFCCB43}
	EndGlobalSection
	GlobalSection(ExtensibilityGlobals) = postSolution
		SolutionGuid = {A63AB2C5-797A-4902-96D3-7C88708B67D7}
	EndGlobalSection
EndGlobal
