<?xml version="1.0" encoding="utf-8"?>
<Project ToolsVersion="4.0" xmlns="http://schemas.microsoft.com/developer/msbuild/2003">
  <ItemGroup>
    <Filter Include="三、C语法的增强以及对应的C++特性">
      <UniqueIdentifier>{4FC737F1-C7A5-4376-A066-2A32D752A2FF}</UniqueIdentifier>
      <Extensions>cpp;c;cc;cxx;c++;cppm;ixx;def;odl;idl;hpj;bat;asm;asmx</Extensions>
    </Filter>
  </ItemGroup>
  <ItemGroup>
    <ClCompile Include="0.单元导学.cpp">
      <Filter>三、C语法的增强以及对应的C++特性</Filter>
    </ClCompile>
    <ClCompile Include="1.引用、[C++11]空指针与动态内存分配.cpp">
      <Filter>三、C语法的增强以及对应的C++特性</Filter>
    </ClCompile>
    <ClCompile Include="2.数据类型与转换、[C++11]列表初始化.cpp">
      <Filter>三、C语法的增强以及对应的C++特性</Filter>
    </ClCompile>
    <ClCompile Include="3.[C++]自动类型推荐：类型系统、auto与decltype.cpp">
      <Filter>三、C语法的增强以及对应的C++特性</Filter>
    </ClCompile>
    <ClCompile Include="4.简化的C++内存模型.cpp">
      <Filter>三、C语法的增强以及对应的C++特性</Filter>
    </ClCompile>
    <ClCompile Include="5.常量与指针.cpp">
      <Filter>三、C语法的增强以及对应的C++特性</Filter>
    </ClCompile>
    <ClCompile Include="6.特殊函数：重载、默认参数值与内联.cpp">
      <Filter>三、C语法的增强以及对应的C++特性</Filter>
    </ClCompile>
    <ClCompile Include="7.基于范围的for循环.cpp">
      <Filter>三、C语法的增强以及对应的C++特性</Filter>
    </ClCompile>
    <ClCompile Include="8.带有初始化器的if和switch语句.cpp">
      <Filter>三、C语法的增强以及对应的C++特性</Filter>
    </ClCompile>
  </ItemGroup>
</Project>